lockfileVersion: '9.0'

settings:
  autoInstallPeers: true
  excludeLinksFromLockfile: false

importers:

  .:
    dependencies:
      uuidv7:
        specifier: ^1.0.2
        version: 1.0.2

packages:

  uuidv7@1.0.2:
    resolution: {integrity: sha512-8JQkH4ooXnm1JCIhqTMbtmdnYEn6oKukBxHn1Ic9878jMkL7daTI7anTExfY18VRCX7tcdn5quzvCb6EWrR8PA==}
    hasBin: true

snapshots:

  uuidv7@1.0.2: {}
